// !$*UTF8*$!
{
	archiveVersion = 1;
	classes = {
	};
	objectVersion = 46;
	objects = {

/* Begin PBXBuildFile section */
		061E46E520B07B1F002DB85A /* VueDemandesController.swift in Sources */ = {isa = PBXBuildFile; fileRef = 061E46E420B07B1F002DB85A /* VueDemandesController.swift */; };
		061E46E720B08789002DB85A /* TabBarController.swift in Sources */ = {isa = PBXBuildFile; fileRef = 061E46E620B08789002DB85A /* TabBarController.swift */; };
		06CF3C572087B19E006A7A3D /* InscriptionPageController.swift in Sources */ = {isa = PBXBuildFile; fileRef = 06CF3C562087B19E006A7A3D /* InscriptionPageController.swift */; };
		06DA6EC0209886A600AE1F4C /* FriendList.swift in Sources */ = {isa = PBXBuildFile; fileRef = 06DA6EBF209886A600AE1F4C /* FriendList.swift */; };
		157B242F71A6D06908A155BC /* Pods_projet_debutUITests.framework in Frameworks */ = {isa = PBXBuildFile; fileRef = 26499256A34CAEE00997D63A /* Pods_projet_debutUITests.framework */; };
		2311697E0EF797ED371C9506 /* Pods_projet_debutTests.framework in Frameworks */ = {isa = PBXBuildFile; fileRef = F1598E5D446786FEDBF3C944 /* Pods_projet_debutTests.framework */; };
		33DA4DD9207ED0E1008E22DB /* LoginPageController.swift in Sources */ = {isa = PBXBuildFile; fileRef = 33DA4DD8207ED0E1008E22DB /* LoginPageController.swift */; };
		33FBD6D4207F8334007A3826 /* VueAmisController.swift in Sources */ = {isa = PBXBuildFile; fileRef = 33FBD6D3207F8334007A3826 /* VueAmisController.swift */; };
		87A1383D9929483299F31C78 /* Pods_projet_debut.framework in Frameworks */ = {isa = PBXBuildFile; fileRef = 5359F428502C9AB8BF533C89 /* Pods_projet_debut.framework */; };
		D65D76E2207673B70058AD27 /* Friend.swift in Sources */ = {isa = PBXBuildFile; fileRef = D65D76E1207673B70058AD27 /* Friend.swift */; };
		D65D76E7207679420058AD27 /* MapKit.framework in Frameworks */ = {isa = PBXBuildFile; fileRef = D65D76E6207679420058AD27 /* MapKit.framework */; };
		D6750C5720752C5C005B15F3 /* MapAppDelegate.swift in Sources */ = {isa = PBXBuildFile; fileRef = D6750C5620752C5C005B15F3 /* MapAppDelegate.swift */; };
		D6750C5920752C5C005B15F3 /* MapController.swift in Sources */ = {isa = PBXBuildFile; fileRef = D6750C5820752C5C005B15F3 /* MapController.swift */; };
		D6750C5C20752C5C005B15F3 /* Main.storyboard in Resources */ = {isa = PBXBuildFile; fileRef = D6750C5A20752C5C005B15F3 /* Main.storyboard */; };
		D6750C6120752C5C005B15F3 /* LaunchScreen.storyboard in Resources */ = {isa = PBXBuildFile; fileRef = D6750C5F20752C5C005B15F3 /* LaunchScreen.storyboard */; };
		D6750C6C20752C5C005B15F3 /* projet_debutTests.swift in Sources */ = {isa = PBXBuildFile; fileRef = D6750C6B20752C5C005B15F3 /* projet_debutTests.swift */; };
		D6750C7720752C5C005B15F3 /* projet_debutUITests.swift in Sources */ = {isa = PBXBuildFile; fileRef = D6750C7620752C5C005B15F3 /* projet_debutUITests.swift */; };
		D6750C8520752C75005B15F3 /* User.swift in Sources */ = {isa = PBXBuildFile; fileRef = D6750C8420752C75005B15F3 /* User.swift */; };
		D6E208A320AEF166006BBB9A /* Assets.xcassets in Resources */ = {isa = PBXBuildFile; fileRef = D6E208A220AEF166006BBB9A /* Assets.xcassets */; };
/* End PBXBuildFile section */

/* Begin PBXContainerItemProxy section */
		D6750C6820752C5C005B15F3 /* PBXContainerItemProxy */ = {
			isa = PBXContainerItemProxy;
			containerPortal = D6750C4B20752C5C005B15F3 /* Project object */;
			proxyType = 1;
			remoteGlobalIDString = D6750C5220752C5C005B15F3;
			remoteInfo = projet_debut;
		};
		D6750C7320752C5C005B15F3 /* PBXContainerItemProxy */ = {
			isa = PBXContainerItemProxy;
			containerPortal = D6750C4B20752C5C005B15F3 /* Project object */;
			proxyType = 1;
			remoteGlobalIDString = D6750C5220752C5C005B15F3;
			remoteInfo = projet_debut;
		};
/* End PBXContainerItemProxy section */

/* Begin PBXFileReference section */
		061E46E420B07B1F002DB85A /* VueDemandesController.swift */ = {isa = PBXFileReference; fileEncoding = 4; lastKnownFileType = sourcecode.swift; name = VueDemandesController.swift; path = ../../../Documents/VueDemandesController.swift; sourceTree = "<group>"; };
		061E46E620B08789002DB85A /* TabBarController.swift */ = {isa = PBXFileReference; fileEncoding = 4; lastKnownFileType = sourcecode.swift; name = TabBarController.swift; path = ../../../Documents/TabBarController.swift; sourceTree = "<group>"; };
		06CF3C562087B19E006A7A3D /* InscriptionPageController.swift */ = {isa = PBXFileReference; fileEncoding = 4; lastKnownFileType = sourcecode.swift; path = InscriptionPageController.swift; sourceTree = "<group>"; };
		06DA6EBF209886A600AE1F4C /* FriendList.swift */ = {isa = PBXFileReference; fileEncoding = 4; lastKnownFileType = sourcecode.swift; path = FriendList.swift; sourceTree = "<group>"; };
		26499256A34CAEE00997D63A /* Pods_projet_debutUITests.framework */ = {isa = PBXFileReference; explicitFileType = wrapper.framework; includeInIndex = 0; path = Pods_projet_debutUITests.framework; sourceTree = BUILT_PRODUCTS_DIR; };
		33DA4DD8207ED0E1008E22DB /* LoginPageController.swift */ = {isa = PBXFileReference; fileEncoding = 4; lastKnownFileType = sourcecode.swift; path = LoginPageController.swift; sourceTree = "<group>"; };
		33FBD6D3207F8334007A3826 /* VueAmisController.swift */ = {isa = PBXFileReference; fileEncoding = 4; lastKnownFileType = sourcecode.swift; path = VueAmisController.swift; sourceTree = "<group>"; };
		4C4D764532B6D81E74A07FD2 /* Pods-projet_debutTests.debug.xcconfig */ = {isa = PBXFileReference; includeInIndex = 1; lastKnownFileType = text.xcconfig; name = "Pods-projet_debutTests.debug.xcconfig"; path = "Pods/Target Support Files/Pods-projet_debutTests/Pods-projet_debutTests.debug.xcconfig"; sourceTree = "<group>"; };
		4E01CDF2D9FD6CD8D53DFE2D /* Pods-projet_debutTests.release.xcconfig */ = {isa = PBXFileReference; includeInIndex = 1; lastKnownFileType = text.xcconfig; name = "Pods-projet_debutTests.release.xcconfig"; path = "Pods/Target Support Files/Pods-projet_debutTests/Pods-projet_debutTests.release.xcconfig"; sourceTree = "<group>"; };
		5359F428502C9AB8BF533C89 /* Pods_projet_debut.framework */ = {isa = PBXFileReference; explicitFileType = wrapper.framework; includeInIndex = 0; path = Pods_projet_debut.framework; sourceTree = BUILT_PRODUCTS_DIR; };
		55657C903895F7D390958D0B /* Pods-projet_debutUITests.release.xcconfig */ = {isa = PBXFileReference; includeInIndex = 1; lastKnownFileType = text.xcconfig; name = "Pods-projet_debutUITests.release.xcconfig"; path = "Pods/Target Support Files/Pods-projet_debutUITests/Pods-projet_debutUITests.release.xcconfig"; sourceTree = "<group>"; };
		59693DA2278FFBE0F7297C26 /* Pods-projet_debut.debug.xcconfig */ = {isa = PBXFileReference; includeInIndex = 1; lastKnownFileType = text.xcconfig; name = "Pods-projet_debut.debug.xcconfig"; path = "Pods/Target Support Files/Pods-projet_debut/Pods-projet_debut.debug.xcconfig"; sourceTree = "<group>"; };
		9671A4B2DE6545DBF022B959 /* Pods-projet_debut.release.xcconfig */ = {isa = PBXFileReference; includeInIndex = 1; lastKnownFileType = text.xcconfig; name = "Pods-projet_debut.release.xcconfig"; path = "Pods/Target Support Files/Pods-projet_debut/Pods-projet_debut.release.xcconfig"; sourceTree = "<group>"; };
		9F7D72CC55B144F156BDE1CB /* Pods-projet_debutUITests.debug.xcconfig */ = {isa = PBXFileReference; includeInIndex = 1; lastKnownFileType = text.xcconfig; name = "Pods-projet_debutUITests.debug.xcconfig"; path = "Pods/Target Support Files/Pods-projet_debutUITests/Pods-projet_debutUITests.debug.xcconfig"; sourceTree = "<group>"; };
		D65D76E1207673B70058AD27 /* Friend.swift */ = {isa = PBXFileReference; fileEncoding = 4; lastKnownFileType = sourcecode.swift; path = Friend.swift; sourceTree = "<group>"; };
		D65D76E6207679420058AD27 /* MapKit.framework */ = {isa = PBXFileReference; lastKnownFileType = wrapper.framework; name = MapKit.framework; path = System/Library/Frameworks/MapKit.framework; sourceTree = SDKROOT; };
		D6750C5320752C5C005B15F3 /* projet_debut.app */ = {isa = PBXFileReference; explicitFileType = wrapper.application; includeInIndex = 0; path = projet_debut.app; sourceTree = BUILT_PRODUCTS_DIR; };
		D6750C5620752C5C005B15F3 /* MapAppDelegate.swift */ = {isa = PBXFileReference; lastKnownFileType = sourcecode.swift; name = MapAppDelegate.swift; path = projet_debut/MapAppDelegate.swift; sourceTree = "<group>"; };
		D6750C5820752C5C005B15F3 /* MapController.swift */ = {isa = PBXFileReference; lastKnownFileType = sourcecode.swift; name = MapController.swift; path = projet_debut/MapController.swift; sourceTree = "<group>"; };
		D6750C5B20752C5C005B15F3 /* Base */ = {isa = PBXFileReference; lastKnownFileType = file.storyboard; name = Base; path = Base.lproj/Main.storyboard; sourceTree = "<group>"; };
		D6750C6020752C5C005B15F3 /* Base */ = {isa = PBXFileReference; lastKnownFileType = file.storyboard; name = Base; path = Base.lproj/LaunchScreen.storyboard; sourceTree = "<group>"; };
		D6750C6220752C5C005B15F3 /* Info.plist */ = {isa = PBXFileReference; lastKnownFileType = text.plist.xml; path = Info.plist; sourceTree = "<group>"; };
		D6750C6720752C5C005B15F3 /* projet_debutTests.xctest */ = {isa = PBXFileReference; explicitFileType = wrapper.cfbundle; includeInIndex = 0; path = projet_debutTests.xctest; sourceTree = BUILT_PRODUCTS_DIR; };
		D6750C6B20752C5C005B15F3 /* projet_debutTests.swift */ = {isa = PBXFileReference; lastKnownFileType = sourcecode.swift; path = projet_debutTests.swift; sourceTree = "<group>"; };
		D6750C6D20752C5C005B15F3 /* Info.plist */ = {isa = PBXFileReference; lastKnownFileType = text.plist.xml; path = Info.plist; sourceTree = "<group>"; };
		D6750C7220752C5C005B15F3 /* projet_debutUITests.xctest */ = {isa = PBXFileReference; explicitFileType = wrapper.cfbundle; includeInIndex = 0; path = projet_debutUITests.xctest; sourceTree = BUILT_PRODUCTS_DIR; };
		D6750C7620752C5C005B15F3 /* projet_debutUITests.swift */ = {isa = PBXFileReference; lastKnownFileType = sourcecode.swift; path = projet_debutUITests.swift; sourceTree = "<group>"; };
		D6750C7820752C5C005B15F3 /* Info.plist */ = {isa = PBXFileReference; lastKnownFileType = text.plist.xml; path = Info.plist; sourceTree = "<group>"; };
		D6750C8420752C75005B15F3 /* User.swift */ = {isa = PBXFileReference; fileEncoding = 4; lastKnownFileType = sourcecode.swift; name = User.swift; path = projet_debut/User.swift; sourceTree = "<group>"; };
		D6E208A220AEF166006BBB9A /* Assets.xcassets */ = {isa = PBXFileReference; lastKnownFileType = folder.assetcatalog; path = Assets.xcassets; sourceTree = "<group>"; };
		F1598E5D446786FEDBF3C944 /* Pods_projet_debutTests.framework */ = {isa = PBXFileReference; explicitFileType = wrapper.framework; includeInIndex = 0; path = Pods_projet_debutTests.framework; sourceTree = BUILT_PRODUCTS_DIR; };
/* End PBXFileReference section */

/* Begin PBXFrameworksBuildPhase section */
		D6750C5020752C5C005B15F3 /* Frameworks */ = {
			isa = PBXFrameworksBuildPhase;
			buildActionMask = 2147483647;
			files = (
				D65D76E7207679420058AD27 /* MapKit.framework in Frameworks */,
				87A1383D9929483299F31C78 /* Pods_projet_debut.framework in Frameworks */,
			);
			runOnlyForDeploymentPostprocessing = 0;
		};
		D6750C6420752C5C005B15F3 /* Frameworks */ = {
			isa = PBXFrameworksBuildPhase;
			buildActionMask = 2147483647;
			files = (
				2311697E0EF797ED371C9506 /* Pods_projet_debutTests.framework in Frameworks */,
			);
			runOnlyForDeploymentPostprocessing = 0;
		};
		D6750C6F20752C5C005B15F3 /* Frameworks */ = {
			isa = PBXFrameworksBuildPhase;
			buildActionMask = 2147483647;
			files = (
				157B242F71A6D06908A155BC /* Pods_projet_debutUITests.framework in Frameworks */,
			);
			runOnlyForDeploymentPostprocessing = 0;
		};
/* End PBXFrameworksBuildPhase section */

/* Begin PBXGroup section */
		22F057E4A003E4B2159D75E0 /* Pods */ = {
			isa = PBXGroup;
			children = (
				59693DA2278FFBE0F7297C26 /* Pods-projet_debut.debug.xcconfig */,
				9671A4B2DE6545DBF022B959 /* Pods-projet_debut.release.xcconfig */,
				4C4D764532B6D81E74A07FD2 /* Pods-projet_debutTests.debug.xcconfig */,
				4E01CDF2D9FD6CD8D53DFE2D /* Pods-projet_debutTests.release.xcconfig */,
				9F7D72CC55B144F156BDE1CB /* Pods-projet_debutUITests.debug.xcconfig */,
				55657C903895F7D390958D0B /* Pods-projet_debutUITests.release.xcconfig */,
			);
			name = Pods;
			sourceTree = "<group>";
		};
		D65D76D920766FC20058AD27 /* Model */ = {
			isa = PBXGroup;
			children = (
				D6750C8420752C75005B15F3 /* User.swift */,
				D65D76E1207673B70058AD27 /* Friend.swift */,
				06DA6EBF209886A600AE1F4C /* FriendList.swift */,
			);
			name = Model;
			sourceTree = "<group>";
		};
		D65D76DF207670110058AD27 /* Controller */ = {
			isa = PBXGroup;
			children = (
				33FBD6D3207F8334007A3826 /* VueAmisController.swift */,
				33DA4DD8207ED0E1008E22DB /* LoginPageController.swift */,
				06CF3C562087B19E006A7A3D /* InscriptionPageController.swift */,
				D6750C5620752C5C005B15F3 /* MapAppDelegate.swift */,
				D6750C5820752C5C005B15F3 /* MapController.swift */,
				061E46E420B07B1F002DB85A /* VueDemandesController.swift */,
				061E46E620B08789002DB85A /* TabBarController.swift */,
			);
			name = Controller;
			sourceTree = "<group>";
		};
		D65D76E0207670210058AD27 /* Views */ = {
			isa = PBXGroup;
			children = (
				D6750C5A20752C5C005B15F3 /* Main.storyboard */,
			);
			name = Views;
			sourceTree = "<group>";
		};
		D65D76E5207679420058AD27 /* Frameworks */ = {
			isa = PBXGroup;
			children = (
				D65D76E6207679420058AD27 /* MapKit.framework */,
				5359F428502C9AB8BF533C89 /* Pods_projet_debut.framework */,
				F1598E5D446786FEDBF3C944 /* Pods_projet_debutTests.framework */,
				26499256A34CAEE00997D63A /* Pods_projet_debutUITests.framework */,
			);
			name = Frameworks;
			sourceTree = "<group>";
		};
		D6750C4A20752C5C005B15F3 = {
			isa = PBXGroup;
			children = (
				D65D76E0207670210058AD27 /* Views */,
				D65D76DF207670110058AD27 /* Controller */,
				D65D76D920766FC20058AD27 /* Model */,
				D6750C5520752C5C005B15F3 /* projet_debut */,
				D6750C6A20752C5C005B15F3 /* projet_debutTests */,
				D6750C7520752C5C005B15F3 /* projet_debutUITests */,
				D6750C5420752C5C005B15F3 /* Products */,
				D65D76E5207679420058AD27 /* Frameworks */,
				22F057E4A003E4B2159D75E0 /* Pods */,
			);
			sourceTree = "<group>";
		};
		D6750C5420752C5C005B15F3 /* Products */ = {
			isa = PBXGroup;
			children = (
				D6750C5320752C5C005B15F3 /* projet_debut.app */,
				D6750C6720752C5C005B15F3 /* projet_debutTests.xctest */,
				D6750C7220752C5C005B15F3 /* projet_debutUITests.xctest */,
			);
			name = Products;
			sourceTree = "<group>";
		};
		D6750C5520752C5C005B15F3 /* projet_debut */ = {
			isa = PBXGroup;
			children = (
				D6E208A220AEF166006BBB9A /* Assets.xcassets */,
				D6750C5F20752C5C005B15F3 /* LaunchScreen.storyboard */,
				D6750C6220752C5C005B15F3 /* Info.plist */,
			);
			path = projet_debut;
			sourceTree = "<group>";
		};
		D6750C6A20752C5C005B15F3 /* projet_debutTests */ = {
			isa = PBXGroup;
			children = (
				D6750C6B20752C5C005B15F3 /* projet_debutTests.swift */,
				D6750C6D20752C5C005B15F3 /* Info.plist */,
			);
			path = projet_debutTests;
			sourceTree = "<group>";
		};
		D6750C7520752C5C005B15F3 /* projet_debutUITests */ = {
			isa = PBXGroup;
			children = (
				D6750C7620752C5C005B15F3 /* projet_debutUITests.swift */,
				D6750C7820752C5C005B15F3 /* Info.plist */,
			);
			path = projet_debutUITests;
			sourceTree = "<group>";
		};
/* End PBXGroup section */

/* Begin PBXNativeTarget section */
		D6750C5220752C5C005B15F3 /* projet_debut */ = {
			isa = PBXNativeTarget;
			buildConfigurationList = D6750C7B20752C5C005B15F3 /* Build configuration list for PBXNativeTarget "projet_debut" */;
			buildPhases = (
				D8F49752BC8B29A273CC1578 /* [CP] Check Pods Manifest.lock */,
				D6750C4F20752C5C005B15F3 /* Sources */,
				D6750C5020752C5C005B15F3 /* Frameworks */,
				D6750C5120752C5C005B15F3 /* Resources */,
				F9E1644B262550854F26E7F7 /* [CP] Embed Pods Frameworks */,
			);
			buildRules = (
			);
			dependencies = (
			);
			name = projet_debut;
			productName = projet_debut;
			productReference = D6750C5320752C5C005B15F3 /* projet_debut.app */;
			productType = "com.apple.product-type.application";
		};
		D6750C6620752C5C005B15F3 /* projet_debutTests */ = {
			isa = PBXNativeTarget;
			buildConfigurationList = D6750C7E20752C5C005B15F3 /* Build configuration list for PBXNativeTarget "projet_debutTests" */;
			buildPhases = (
				1BBD8B65452216C7ED40BF4C /* [CP] Check Pods Manifest.lock */,
				D6750C6320752C5C005B15F3 /* Sources */,
				D6750C6420752C5C005B15F3 /* Frameworks */,
				D6750C6520752C5C005B15F3 /* Resources */,
			);
			buildRules = (
			);
			dependencies = (
				D6750C6920752C5C005B15F3 /* PBXTargetDependency */,
			);
			name = projet_debutTests;
			productName = projet_debutTests;
			productReference = D6750C6720752C5C005B15F3 /* projet_debutTests.xctest */;
			productType = "com.apple.product-type.bundle.unit-test";
		};
		D6750C7120752C5C005B15F3 /* projet_debutUITests */ = {
			isa = PBXNativeTarget;
			buildConfigurationList = D6750C8120752C5C005B15F3 /* Build configuration list for PBXNativeTarget "projet_debutUITests" */;
			buildPhases = (
				48250E406B2F77BA1BA7A123 /* [CP] Check Pods Manifest.lock */,
				D6750C6E20752C5C005B15F3 /* Sources */,
				D6750C6F20752C5C005B15F3 /* Frameworks */,
				D6750C7020752C5C005B15F3 /* Resources */,
			);
			buildRules = (
			);
			dependencies = (
				D6750C7420752C5C005B15F3 /* PBXTargetDependency */,
			);
			name = projet_debutUITests;
			productName = projet_debutUITests;
			productReference = D6750C7220752C5C005B15F3 /* projet_debutUITests.xctest */;
			productType = "com.apple.product-type.bundle.ui-testing";
		};
/* End PBXNativeTarget section */

/* Begin PBXProject section */
		D6750C4B20752C5C005B15F3 /* Project object */ = {
			isa = PBXProject;
			attributes = {
				LastSwiftUpdateCheck = 0830;
				LastUpgradeCheck = 0830;
				ORGANIZATIONNAME = m2sar;
				TargetAttributes = {
					D6750C5220752C5C005B15F3 = {
						CreatedOnToolsVersion = 8.3.3;
						DevelopmentTeam = 3VTA3XVA6F;
						ProvisioningStyle = Automatic;
					};
					D6750C6620752C5C005B15F3 = {
						CreatedOnToolsVersion = 8.3.3;
						ProvisioningStyle = Automatic;
						TestTargetID = D6750C5220752C5C005B15F3;
					};
					D6750C7120752C5C005B15F3 = {
						CreatedOnToolsVersion = 8.3.3;
						ProvisioningStyle = Automatic;
						TestTargetID = D6750C5220752C5C005B15F3;
					};
				};
			};
			buildConfigurationList = D6750C4E20752C5C005B15F3 /* Build configuration list for PBXProject "projet_debut" */;
			compatibilityVersion = "Xcode 3.2";
			developmentRegion = English;
			hasScannedForEncodings = 0;
			knownRegions = (
				en,
				Base,
			);
			mainGroup = D6750C4A20752C5C005B15F3;
			productRefGroup = D6750C5420752C5C005B15F3 /* Products */;
			projectDirPath = "";
			projectRoot = "";
			targets = (
				D6750C5220752C5C005B15F3 /* projet_debut */,
				D6750C6620752C5C005B15F3 /* projet_debutTests */,
				D6750C7120752C5C005B15F3 /* projet_debutUITests */,
			);
		};
/* End PBXProject section */

/* Begin PBXResourcesBuildPhase section */
		D6750C5120752C5C005B15F3 /* Resources */ = {
			isa = PBXResourcesBuildPhase;
			buildActionMask = 2147483647;
			files = (
				D6750C6120752C5C005B15F3 /* LaunchScreen.storyboard in Resources */,
				D6E208A320AEF166006BBB9A /* Assets.xcassets in Resources */,
				D6750C5C20752C5C005B15F3 /* Main.storyboard in Resources */,
			);
			runOnlyForDeploymentPostprocessing = 0;
		};
		D6750C6520752C5C005B15F3 /* Resources */ = {
			isa = PBXResourcesBuildPhase;
			buildActionMask = 2147483647;
			files = (
			);
			runOnlyForDeploymentPostprocessing = 0;
		};
		D6750C7020752C5C005B15F3 /* Resources */ = {
			isa = PBXResourcesBuildPhase;
			buildActionMask = 2147483647;
			files = (
			);
			runOnlyForDeploymentPostprocessing = 0;
		};
/* End PBXResourcesBuildPhase section */

/* Begin PBXShellScriptBuildPhase section */
		1BBD8B65452216C7ED40BF4C /* [CP] Check Pods Manifest.lock */ = {
			isa = PBXShellScriptBuildPhase;
			buildActionMask = 2147483647;
			files = (
			);
			inputPaths = (
				"${PODS_PODFILE_DIR_PATH}/Podfile.lock",
				"${PODS_ROOT}/Manifest.lock",
			);
			name = "[CP] Check Pods Manifest.lock";
			outputPaths = (
				"$(DERIVED_FILE_DIR)/Pods-projet_debutTests-checkManifestLockResult.txt",
			);
			runOnlyForDeploymentPostprocessing = 0;
			shellPath = /bin/sh;
			shellScript = "diff \"${PODS_PODFILE_DIR_PATH}/Podfile.lock\" \"${PODS_ROOT}/Manifest.lock\" > /dev/null\nif [ $? != 0 ] ; then\n    # print error to STDERR\n    echo \"error: The sandbox is not in sync with the Podfile.lock. Run 'pod install' or update your CocoaPods installation.\" >&2\n    exit 1\nfi\n# This output is used by Xcode 'outputs' to avoid re-running this script phase.\necho \"SUCCESS\" > \"${SCRIPT_OUTPUT_FILE_0}\"\n";
			showEnvVarsInLog = 0;
		};
		48250E406B2F77BA1BA7A123 /* [CP] Check Pods Manifest.lock */ = {
			isa = PBXShellScriptBuildPhase;
			buildActionMask = 2147483647;
			files = (
			);
			inputPaths = (
				"${PODS_PODFILE_DIR_PATH}/Podfile.lock",
				"${PODS_ROOT}/Manifest.lock",
			);
			name = "[CP] Check Pods Manifest.lock";
			outputPaths = (
				"$(DERIVED_FILE_DIR)/Pods-projet_debutUITests-checkManifestLockResult.txt",
			);
			runOnlyForDeploymentPostprocessing = 0;
			shellPath = /bin/sh;
			shellScript = "diff \"${PODS_PODFILE_DIR_PATH}/Podfile.lock\" \"${PODS_ROOT}/Manifest.lock\" > /dev/null\nif [ $? != 0 ] ; then\n    # print error to STDERR\n    echo \"error: The sandbox is not in sync with the Podfile.lock. Run 'pod install' or update your CocoaPods installation.\" >&2\n    exit 1\nfi\n# This output is used by Xcode 'outputs' to avoid re-running this script phase.\necho \"SUCCESS\" > \"${SCRIPT_OUTPUT_FILE_0}\"\n";
			showEnvVarsInLog = 0;
		};
		D8F49752BC8B29A273CC1578 /* [CP] Check Pods Manifest.lock */ = {
			isa = PBXShellScriptBuildPhase;
			buildActionMask = 2147483647;
			files = (
			);
			inputPaths = (
				"${PODS_PODFILE_DIR_PATH}/Podfile.lock",
				"${PODS_ROOT}/Manifest.lock",
			);
			name = "[CP] Check Pods Manifest.lock";
			outputPaths = (
				"$(DERIVED_FILE_DIR)/Pods-projet_debut-checkManifestLockResult.txt",
			);
			runOnlyForDeploymentPostprocessing = 0;
			shellPath = /bin/sh;
			shellScript = "diff \"${PODS_PODFILE_DIR_PATH}/Podfile.lock\" \"${PODS_ROOT}/Manifest.lock\" > /dev/null\nif [ $? != 0 ] ; then\n    # print error to STDERR\n    echo \"error: The sandbox is not in sync with the Podfile.lock. Run 'pod install' or update your CocoaPods installation.\" >&2\n    exit 1\nfi\n# This output is used by Xcode 'outputs' to avoid re-running this script phase.\necho \"SUCCESS\" > \"${SCRIPT_OUTPUT_FILE_0}\"\n";
			showEnvVarsInLog = 0;
		};
		F9E1644B262550854F26E7F7 /* [CP] Embed Pods Frameworks */ = {
			isa = PBXShellScriptBuildPhase;
			buildActionMask = 2147483647;
			files = (
			);
			inputPaths = (
				"${SRCROOT}/Pods/Target Support Files/Pods-projet_debut/Pods-projet_debut-frameworks.sh",
				"${BUILT_PRODUCTS_DIR}/SwiftKeychainWrapper/SwiftKeychainWrapper.framework",
			);
			name = "[CP] Embed Pods Frameworks";
			outputPaths = (
				"${TARGET_BUILD_DIR}/${FRAMEWORKS_FOLDER_PATH}/SwiftKeychainWrapper.framework",
			);
			runOnlyForDeploymentPostprocessing = 0;
			shellPath = /bin/sh;
			shellScript = "\"${SRCROOT}/Pods/Target Support Files/Pods-projet_debut/Pods-projet_debut-frameworks.sh\"\n";
			showEnvVarsInLog = 0;
		};
/* End PBXShellScriptBuildPhase section */

/* Begin PBXSourcesBuildPhase section */
		D6750C4F20752C5C005B15F3 /* Sources */ = {
			isa = PBXSourcesBuildPhase;
			buildActionMask = 2147483647;
			files = (
				D6750C5920752C5C005B15F3 /* MapController.swift in Sources */,
				06CF3C572087B19E006A7A3D /* InscriptionPageController.swift in Sources */,
				D6750C5720752C5C005B15F3 /* MapAppDelegate.swift in Sources */,
				061E46E720B08789002DB85A /* TabBarController.swift in Sources */,
				06DA6EC0209886A600AE1F4C /* FriendList.swift in Sources */,
				061E46E520B07B1F002DB85A /* VueDemandesController.swift in Sources */,
				33DA4DD9207ED0E1008E22DB /* LoginPageController.swift in Sources */,
				D65D76E2207673B70058AD27 /* Friend.swift in Sources */,
				33FBD6D4207F8334007A3826 /* VueAmisController.swift in Sources */,
				D6750C8520752C75005B15F3 /* User.swift in Sources */,
			);
			runOnlyForDeploymentPostprocessing = 0;
		};
		D6750C6320752C5C005B15F3 /* Sources */ = {
			isa = PBXSourcesBuildPhase;
			buildActionMask = 2147483647;
			files = (
				D6750C6C20752C5C005B15F3 /* projet_debutTests.swift in Sources */,
			);
			runOnlyForDeploymentPostprocessing = 0;
		};
		D6750C6E20752C5C005B15F3 /* Sources */ = {
			isa = PBXSourcesBuildPhase;
			buildActionMask = 2147483647;
			files = (
				D6750C7720752C5C005B15F3 /* projet_debutUITests.swift in Sources */,
			);
			runOnlyForDeploymentPostprocessing = 0;
		};
/* End PBXSourcesBuildPhase section */

/* Begin PBXTargetDependency section */
		D6750C6920752C5C005B15F3 /* PBXTargetDependency */ = {
			isa = PBXTargetDependency;
			target = D6750C5220752C5C005B15F3 /* projet_debut */;
			targetProxy = D6750C6820752C5C005B15F3 /* PBXContainerItemProxy */;
		};
		D6750C7420752C5C005B15F3 /* PBXTargetDependency */ = {
			isa = PBXTargetDependency;
			target = D6750C5220752C5C005B15F3 /* projet_debut */;
			targetProxy = D6750C7320752C5C005B15F3 /* PBXContainerItemProxy */;
		};
/* End PBXTargetDependency section */

/* Begin PBXVariantGroup section */
		D6750C5A20752C5C005B15F3 /* Main.storyboard */ = {
			isa = PBXVariantGroup;
			children = (
				D6750C5B20752C5C005B15F3 /* Base */,
			);
			name = Main.storyboard;
			path = projet_debut;
			sourceTree = "<group>";
		};
		D6750C5F20752C5C005B15F3 /* LaunchScreen.storyboard */ = {
			isa = PBXVariantGroup;
			children = (
				D6750C6020752C5C005B15F3 /* Base */,
			);
			name = LaunchScreen.storyboard;
			sourceTree = "<group>";
		};
/* End PBXVariantGroup section */

/* Begin XCBuildConfiguration section */
		D6750C7920752C5C005B15F3 /* Debug */ = {
			isa = XCBuildConfiguration;
			buildSettings = {
				ALWAYS_SEARCH_USER_PATHS = NO;
				CLANG_ANALYZER_NONNULL = YES;
				CLANG_ANALYZER_NUMBER_OBJECT_CONVERSION = YES_AGGRESSIVE;
				CLANG_CXX_LANGUAGE_STANDARD = "gnu++0x";
				CLANG_CXX_LIBRARY = "libc++";
				CLANG_ENABLE_MODULES = YES;
				CLANG_ENABLE_OBJC_ARC = YES;
				CLANG_WARN_BOOL_CONVERSION = YES;
				CLANG_WARN_CONSTANT_CONVERSION = YES;
				CLANG_WARN_DIRECT_OBJC_ISA_USAGE = YES_ERROR;
				CLANG_WARN_DOCUMENTATION_COMMENTS = YES;
				CLANG_WARN_EMPTY_BODY = YES;
				CLANG_WARN_ENUM_CONVERSION = YES;
				CLANG_WARN_INFINITE_RECURSION = YES;
				CLANG_WARN_INT_CONVERSION = YES;
				CLANG_WARN_OBJC_ROOT_CLASS = YES_ERROR;
				CLANG_WARN_SUSPICIOUS_MOVE = YES;
				CLANG_WARN_UNREACHABLE_CODE = YES;
				CLANG_WARN__DUPLICATE_METHOD_MATCH = YES;
				"CODE_SIGN_IDENTITY[sdk=iphoneos*]" = "iPhone Developer";
				COPY_PHASE_STRIP = NO;
				DEBUG_INFORMATION_FORMAT = dwarf;
				ENABLE_STRICT_OBJC_MSGSEND = YES;
				ENABLE_TESTABILITY = YES;
				GCC_C_LANGUAGE_STANDARD = gnu99;
				GCC_DYNAMIC_NO_PIC = NO;
				GCC_NO_COMMON_BLOCKS = YES;
				GCC_OPTIMIZATION_LEVEL = 0;
				GCC_PREPROCESSOR_DEFINITIONS = (
					"DEBUG=1",
					"$(inherited)",
				);
				GCC_WARN_64_TO_32_BIT_CONVERSION = YES;
				GCC_WARN_ABOUT_RETURN_TYPE = YES_ERROR;
				GCC_WARN_UNDECLARED_SELECTOR = YES;
				GCC_WARN_UNINITIALIZED_AUTOS = YES_AGGRESSIVE;
				GCC_WARN_UNUSED_FUNCTION = YES;
				GCC_WARN_UNUSED_VARIABLE = YES;
				IPHONEOS_DEPLOYMENT_TARGET = 10.3;
				MTL_ENABLE_DEBUG_INFO = YES;
				ONLY_ACTIVE_ARCH = YES;
				SDKROOT = iphoneos;
				SWIFT_ACTIVE_COMPILATION_CONDITIONS = DEBUG;
				SWIFT_OPTIMIZATION_LEVEL = "-Onone";
				TARGETED_DEVICE_FAMILY = "1,2";
			};
			name = Debug;
		};
		D6750C7A20752C5C005B15F3 /* Release */ = {
			isa = XCBuildConfiguration;
			buildSettings = {
				ALWAYS_SEARCH_USER_PATHS = NO;
				CLANG_ANALYZER_NONNULL = YES;
				CLANG_ANALYZER_NUMBER_OBJECT_CONVERSION = YES_AGGRESSIVE;
				CLANG_CXX_LANGUAGE_STANDARD = "gnu++0x";
				CLANG_CXX_LIBRARY = "libc++";
				CLANG_ENABLE_MODULES = YES;
				CLANG_ENABLE_OBJC_ARC = YES;
				CLANG_WARN_BOOL_CONVERSION = YES;
				CLANG_WARN_CONSTANT_CONVERSION = YES;
				CLANG_WARN_DIRECT_OBJC_ISA_USAGE = YES_ERROR;
				CLANG_WARN_DOCUMENTATION_COMMENTS = YES;
				CLANG_WARN_EMPTY_BODY = YES;
				CLANG_WARN_ENUM_CONVERSION = YES;
				CLANG_WARN_INFINITE_RECURSION = YES;
				CLANG_WARN_INT_CONVERSION = YES;
				CLANG_WARN_OBJC_ROOT_CLASS = YES_ERROR;
				CLANG_WARN_SUSPICIOUS_MOVE = YES;
				CLANG_WARN_UNREACHABLE_CODE = YES;
				CLANG_WARN__DUPLICATE_METHOD_MATCH = YES;
				"CODE_SIGN_IDENTITY[sdk=iphoneos*]" = "iPhone Developer";
				COPY_PHASE_STRIP = NO;
				DEBUG_INFORMATION_FORMAT = "dwarf-with-dsym";
				ENABLE_NS_ASSERTIONS = NO;
				ENABLE_STRICT_OBJC_MSGSEND = YES;
				GCC_C_LANGUAGE_STANDARD = gnu99;
				GCC_NO_COMMON_BLOCKS = YES;
				GCC_WARN_64_TO_32_BIT_CONVERSION = YES;
				GCC_WARN_ABOUT_RETURN_TYPE = YES_ERROR;
				GCC_WARN_UNDECLARED_SELECTOR = YES;
				GCC_WARN_UNINITIALIZED_AUTOS = YES_AGGRESSIVE;
				GCC_WARN_UNUSED_FUNCTION = YES;
				GCC_WARN_UNUSED_VARIABLE = YES;
				IPHONEOS_DEPLOYMENT_TARGET = 10.3;
				MTL_ENABLE_DEBUG_INFO = NO;
				SDKROOT = iphoneos;
				SWIFT_OPTIMIZATION_LEVEL = "-Owholemodule";
				TARGETED_DEVICE_FAMILY = "1,2";
				VALIDATE_PRODUCT = YES;
			};
			name = Release;
		};
		D6750C7C20752C5C005B15F3 /* Debug */ = {
			isa = XCBuildConfiguration;
			baseConfigurationReference = 59693DA2278FFBE0F7297C26 /* Pods-projet_debut.debug.xcconfig */;
			buildSettings = {
				ASSETCATALOG_COMPILER_APPICON_NAME = AppIcon;
				DEVELOPMENT_TEAM = 3VTA3XVA6F;
				INFOPLIST_FILE = projet_debut/Info.plist;
				LD_RUNPATH_SEARCH_PATHS = "$(inherited) @executable_path/Frameworks";
				PRODUCT_BUNDLE_IDENTIFIER = "dinuk.projet-debut";
				PRODUCT_NAME = "$(TARGET_NAME)";
				SWIFT_VERSION = 3.0;
			};
			name = Debug;
		};
		D6750C7D20752C5C005B15F3 /* Release */ = {
			isa = XCBuildConfiguration;
			baseConfigurationReference = 9671A4B2DE6545DBF022B959 /* Pods-projet_debut.release.xcconfig */;
			buildSettings = {
				ASSETCATALOG_COMPILER_APPICON_NAME = AppIcon;
				DEVELOPMENT_TEAM = 3VTA3XVA6F;
				INFOPLIST_FILE = projet_debut/Info.plist;
				LD_RUNPATH_SEARCH_PATHS = "$(inherited) @executable_path/Frameworks";
				PRODUCT_BUNDLE_IDENTIFIER = "dinuk.projet-debut";
				PRODUCT_NAME = "$(TARGET_NAME)";
				SWIFT_VERSION = 3.0;
			};
			name = Release;
		};
		D6750C7F20752C5C005B15F3 /* Debug */ = {
			isa = XCBuildConfiguration;
			baseConfigurationReference = 4C4D764532B6D81E74A07FD2 /* Pods-projet_debutTests.debug.xcconfig */;
			buildSettings = {
				ALWAYS_EMBED_SWIFT_STANDARD_LIBRARIES = YES;
				BUNDLE_LOADER = "$(TEST_HOST)";
				INFOPLIST_FILE = projet_debutTests/Info.plist;
				LD_RUNPATH_SEARCH_PATHS = "$(inherited) @executable_path/Frameworks @loader_path/Frameworks";
				PRODUCT_BUNDLE_IDENTIFIER = "dinuk.projet-debutTests";
				PRODUCT_NAME = "$(TARGET_NAME)";
				SWIFT_VERSION = 3.0;
				TEST_HOST = "$(BUILT_PRODUCTS_DIR)/projet_debut.app/projet_debut";
			};
			name = Debug;
		};
		D6750C8020752C5C005B15F3 /* Release */ = {
			isa = XCBuildConfiguration;
			baseConfigurationReference = 4E01CDF2D9FD6CD8D53DFE2D /* Pods-projet_debutTests.release.xcconfig */;
			buildSettings = {
				ALWAYS_EMBED_SWIFT_STANDARD_LIBRARIES = YES;
				BUNDLE_LOADER = "$(TEST_HOST)";
				INFOPLIST_FILE = projet_debutTests/Info.plist;
				LD_RUNPATH_SEARCH_PATHS = "$(inherited) @executable_path/Frameworks @loader_path/Frameworks";
				PRODUCT_BUNDLE_IDENTIFIER = "dinuk.projet-debutTests";
				PRODUCT_NAME = "$(TARGET_NAME)";
				SWIFT_VERSION = 3.0;
				TEST_HOST = "$(BUILT_PRODUCTS_DIR)/projet_debut.app/projet_debut";
			};
			name = Release;
		};
		D6750C8220752C5C005B15F3 /* Debug */ = {
			isa = XCBuildConfiguration;
			baseConfigurationReference = 9F7D72CC55B144F156BDE1CB /* Pods-projet_debutUITests.debug.xcconfig */;
			buildSettings = {
				ALWAYS_EMBED_SWIFT_STANDARD_LIBRARIES = YES;
				INFOPLIST_FILE = projet_debutUITests/Info.plist;
				LD_RUNPATH_SEARCH_PATHS = "$(inherited) @executable_path/Frameworks @loader_path/Frameworks";
				PRODUCT_BUNDLE_IDENTIFIER = "dinuk.projet-debutUITests";
				PRODUCT_NAME = "$(TARGET_NAME)";
				SWIFT_VERSION = 3.0;
				TEST_TARGET_NAME = projet_debut;
			};
			name = Debug;
		};
		D6750C8320752C5C005B15F3 /* Release */ = {
			isa = XCBuildConfiguration;
			baseConfigurationReference = 55657C903895F7D390958D0B /* Pods-projet_debutUITests.release.xcconfig */;
			buildSettings = {
				ALWAYS_EMBED_SWIFT_STANDARD_LIBRARIES = YES;
				INFOPLIST_FILE = projet_debutUITests/Info.plist;
				LD_RUNPATH_SEARCH_PATHS = "$(inherited) @executable_path/Frameworks @loader_path/Frameworks";
				PRODUCT_BUNDLE_IDENTIFIER = "dinuk.projet-debutUITests";
				PRODUCT_NAME = "$(TARGET_NAME)";
				SWIFT_VERSION = 3.0;
				TEST_TARGET_NAME = projet_debut;
			};
			name = Release;
		};
/* End XCBuildConfiguration section */

/* Begin XCConfigurationList section */
		D6750C4E20752C5C005B15F3 /* Build configuration list for PBXProject "projet_debut" */ = {
			isa = XCConfigurationList;
			buildConfigurations = (
				D6750C7920752C5C005B15F3 /* Debug */,
				D6750C7A20752C5C005B15F3 /* Release */,
			);
			defaultConfigurationIsVisible = 0;
			defaultConfigurationName = Release;
		};
		D6750C7B20752C5C005B15F3 /* Build configuration list for PBXNativeTarget "projet_debut" */ = {
			isa = XCConfigurationList;
			buildConfigurations = (
				D6750C7C20752C5C005B15F3 /* Debug */,
				D6750C7D20752C5C005B15F3 /* Release */,
			);
			defaultConfigurationIsVisible = 0;
			defaultConfigurationName = Release;
		};
		D6750C7E20752C5C005B15F3 /* Build configuration list for PBXNativeTarget "projet_debutTests" */ = {
			isa = XCConfigurationList;
			buildConfigurations = (
				D6750C7F20752C5C005B15F3 /* Debug */,
				D6750C8020752C5C005B15F3 /* Release */,
			);
			defaultConfigurationIsVisible = 0;
			defaultConfigurationName = Release;
		};
		D6750C8120752C5C005B15F3 /* Build configuration list for PBXNativeTarget "projet_debutUITests" */ = {
			isa = XCConfigurationList;
			buildConfigurations = (
				D6750C8220752C5C005B15F3 /* Debug */,
				D6750C8320752C5C005B15F3 /* Release */,
			);
			defaultConfigurationIsVisible = 0;
			defaultConfigurationName = Release;
		};
/* End XCConfigurationList section */
	};
	rootObject = D6750C4B20752C5C005B15F3 /* Project object */;
}
