PODS:
  - SwiftKeychainWrapper (3.0.1)

DEPENDENCIES:
  - SwiftKeychainWrapper (~> 3.0)

SPEC REPOS:
  https://github.com/CocoaPods/Specs.git:
    - SwiftKeychainWrapper

SPEC CHECKSUMS:
  SwiftKeychainWrapper: 38952a3636320ae61bad3513cadd870929de7a4a

PODFILE CHECKSUM: e275e4eedac52a21c911cac0b77cf634978d6f59

COCOAPODS: 1.5.0
